
Microsoft Visual Studio Solution File, Format Version 12.00
# Visual Studio Version 17
VisualStudioVersion = 17.2.32526.322
MinimumVisualStudioVersion = 10.0.40219.1
Project("{FAE04EC0-301F-11D3-BF4B-00C04F79EFBC}") = "DesktopPet", "DesktopPet.csproj", "{B8DEF1F1-F80D-479D-84D2-3AF7010DEA22}"
EndProject
Global
	GlobalSection(SolutionConfigurationPlatforms) = preSolution
		Debug|Any CPU = Debug|Any CPU
		Release|Any CPU = Release|Any CPU
	EndGlobalSection
	GlobalSection(ProjectConfigurationPlatforms) = postSolution
		{B8DEF1F1-F80D-479D-84D2-3AF7010DEA22}.Debug|Any CPU.ActiveCfg = Debug|Any CPU
		{B8DEF1F1-F80D-479D-84D2-3AF7010DEA22}.Debug|Any CPU.Build.0 = Debug|Any CPU
		{B8DEF1F1-F80D-479D-84D2-3AF7010DEA22}.Release|Any CPU.ActiveCfg = Release|Any CPU
		{B8DEF1F1-F80D-479D-84D2-3AF7010DEA22}.Release|Any CPU.Build.0 = Release|Any CPU
	EndGlobalSection
	GlobalSection(SolutionProperties) = preSolution
		HideSolutionNode = FALSE
	EndGlobalSection
	GlobalSection(ExtensibilityGlobals) = postSolution
		SolutionGuid = {5B336B6A-F319-4969-B90C-94304D98FD7F}
	EndGlobalSection
EndGlobal
